
Microsoft Visual Studio Solution File, Format Version 12.00
# Visual Studio Version 16
VisualStudioVersion = 16.0.31025.194
MinimumVisualStudioVersion = 10.0.40219.1
Project("{FAE04EC0-301F-11D3-BF4B-00C04F79EFBC}") = "ColorGame", "ColorGame\ColorGame.csproj", "{B40D26E8-5F94-4D26-9CC4-D0DDFEB780F1}"
EndProject
Global
	GlobalSection(SolutionConfigurationPlatforms) = preSolution
		Debug|Any CPU = Debug|Any CPU
		Release|Any CPU = Release|Any CPU
	EndGlobalSection
	GlobalSection(ProjectConfigurationPlatforms) = postSolution
		{B40D26E8-5F94-4D26-9CC4-D0DDFEB780F1}.Debug|Any CPU.ActiveCfg = Debug|Any CPU
		{B40D26E8-5F94-4D26-9CC4-D0DDFEB780F1}.Debug|Any CPU.Build.0 = Debug|Any CPU
		{B40D26E8-5F94-4D26-9CC4-D0DDFEB780F1}.Release|Any CPU.ActiveCfg = Release|Any CPU
		{B40D26E8-5F94-4D26-9CC4-D0DDFEB780F1}.Release|Any CPU.Build.0 = Release|Any CPU
	EndGlobalSection
	GlobalSection(SolutionProperties) = preSolution
		HideSolutionNode = FALSE
	EndGlobalSection
	GlobalSection(ExtensibilityGlobals) = postSolution
		SolutionGuid = {EC74C235-67E5-43D9-A652-8708512792CE}
	EndGlobalSection
EndGlobal
